// !$*UTF8*$!
{
	archiveVersion = 1;
	classes = {
	};
	objectVersion = 46;
	objects = {

/* Begin PBXBuildFile section */
		E46C7EBF1DCC616A00DD8AD8 /* pic.plist in Resources */ = {isa = PBXBuildFile; fileRef = E46C7EBE1DCC616A00DD8AD8 /* pic.plist */; };
		E46C7F011DCC874200DD8AD8 /* 1.jpg in Resources */ = {isa = PBXBuildFile; fileRef = E46C7EE31DCC874200DD8AD8 /* 1.jpg */; };
		E46C7F021DCC874200DD8AD8 /* 2.jpg in Resources */ = {isa = PBXBuildFile; fileRef = E46C7EE41DCC874200DD8AD8 /* 2.jpg */; };
		E46C7F031DCC874200DD8AD8 /* 3.jpg in Resources */ = {isa = PBXBuildFile; fileRef = E46C7EE51DCC874200DD8AD8 /* 3.jpg */; };
		E46C7F041DCC874200DD8AD8 /* 4.jpg in Resources */ = {isa = PBXBuildFile; fileRef = E46C7EE61DCC874200DD8AD8 /* 4.jpg */; };
		E46C7F051DCC874200DD8AD8 /* 5.jpg in Resources */ = {isa = PBXBuildFile; fileRef = E46C7EE71DCC874200DD8AD8 /* 5.jpg */; };
		E46C7F061DCC874200DD8AD8 /* 6.jpg in Resources */ = {isa = PBXBuildFile; fileRef = E46C7EE81DCC874200DD8AD8 /* 6.jpg */; };
		E46C7F071DCC874200DD8AD8 /* 7.jpg in Resources */ = {isa = PBXBuildFile; fileRef = E46C7EE91DCC874200DD8AD8 /* 7.jpg */; };
		E46C7F081DCC874200DD8AD8 /* 8.jpg in Resources */ = {isa = PBXBuildFile; fileRef = E46C7EEA1DCC874200DD8AD8 /* 8.jpg */; };
		E46C7F091DCC874200DD8AD8 /* 9.jpg in Resources */ = {isa = PBXBuildFile; fileRef = E46C7EEB1DCC874200DD8AD8 /* 9.jpg */; };
		E46C7F0A1DCC874200DD8AD8 /* 10.jpg in Resources */ = {isa = PBXBuildFile; fileRef = E46C7EEC1DCC874200DD8AD8 /* 10.jpg */; };
		E46C7F0B1DCC874200DD8AD8 /* 11.jpg in Resources */ = {isa = PBXBuildFile; fileRef = E46C7EED1DCC874200DD8AD8 /* 11.jpg */; };
		E46C7F0C1DCC874200DD8AD8 /* 12.jpg in Resources */ = {isa = PBXBuildFile; fileRef = E46C7EEE1DCC874200DD8AD8 /* 12.jpg */; };
		E46C7F0D1DCC874200DD8AD8 /* 13.jpg in Resources */ = {isa = PBXBuildFile; fileRef = E46C7EEF1DCC874200DD8AD8 /* 13.jpg */; };
		E46C7F0E1DCC874200DD8AD8 /* 14.jpg in Resources */ = {isa = PBXBuildFile; fileRef = E46C7EF01DCC874200DD8AD8 /* 14.jpg */; };
		E46C7F0F1DCC874200DD8AD8 /* 15.jpg in Resources */ = {isa = PBXBuildFile; fileRef = E46C7EF11DCC874200DD8AD8 /* 15.jpg */; };
		E46C7F101DCC874200DD8AD8 /* 16.jpg in Resources */ = {isa = PBXBuildFile; fileRef = E46C7EF21DCC874200DD8AD8 /* 16.jpg */; };
		E46C7F111DCC874200DD8AD8 /* 17.jpg in Resources */ = {isa = PBXBuildFile; fileRef = E46C7EF31DCC874200DD8AD8 /* 17.jpg */; };
		E46C7F121DCC874200DD8AD8 /* 18.jpg in Resources */ = {isa = PBXBuildFile; fileRef = E46C7EF41DCC874200DD8AD8 /* 18.jpg */; };
		E46C7F131DCC874200DD8AD8 /* 19.jpg in Resources */ = {isa = PBXBuildFile; fileRef = E46C7EF51DCC874200DD8AD8 /* 19.jpg */; };
		E46C7F141DCC874200DD8AD8 /* 20.jpg in Resources */ = {isa = PBXBuildFile; fileRef = E46C7EF61DCC874200DD8AD8 /* 20.jpg */; };
		E46C7F151DCC874200DD8AD8 /* 21.jpg in Resources */ = {isa = PBXBuildFile; fileRef = E46C7EF71DCC874200DD8AD8 /* 21.jpg */; };
		E46C7F161DCC874200DD8AD8 /* 22.jpg in Resources */ = {isa = PBXBuildFile; fileRef = E46C7EF81DCC874200DD8AD8 /* 22.jpg */; };
		E46C7F171DCC874200DD8AD8 /* 23.jpg in Resources */ = {isa = PBXBuildFile; fileRef = E46C7EF91DCC874200DD8AD8 /* 23.jpg */; };
		E46C7F181DCC874200DD8AD8 /* 24.jpg in Resources */ = {isa = PBXBuildFile; fileRef = E46C7EFA1DCC874200DD8AD8 /* 24.jpg */; };
		E46C7F191DCC874200DD8AD8 /* 25.jpg in Resources */ = {isa = PBXBuildFile; fileRef = E46C7EFB1DCC874200DD8AD8 /* 25.jpg */; };
		E46C7F1A1DCC874200DD8AD8 /* 26.jpg in Resources */ = {isa = PBXBuildFile; fileRef = E46C7EFC1DCC874200DD8AD8 /* 26.jpg */; };
		E46C7F1B1DCC874200DD8AD8 /* 27.jpg in Resources */ = {isa = PBXBuildFile; fileRef = E46C7EFD1DCC874200DD8AD8 /* 27.jpg */; };
		E46C7F1C1DCC874200DD8AD8 /* 28.jpg in Resources */ = {isa = PBXBuildFile; fileRef = E46C7EFE1DCC874200DD8AD8 /* 28.jpg */; };
		E46C7F1D1DCC874200DD8AD8 /* 29.jpg in Resources */ = {isa = PBXBuildFile; fileRef = E46C7EFF1DCC874200DD8AD8 /* 29.jpg */; };
		E46C7F1E1DCC874200DD8AD8 /* 30.jpg in Resources */ = {isa = PBXBuildFile; fileRef = E46C7F001DCC874200DD8AD8 /* 30.jpg */; };
		E47276661DCAE5F9004D42CD /* WaterfallCollectionViewCell.m in Sources */ = {isa = PBXBuildFile; fileRef = E47276651DCAE5F9004D42CD /* WaterfallCollectionViewCell.m */; };
		E47276691DCAE728004D42CD /* WaterfallFlowLayout.m in Sources */ = {isa = PBXBuildFile; fileRef = E47276681DCAE728004D42CD /* WaterfallFlowLayout.m */; };
		E4BA17B81DC9B58B004B5D1C /* main.m in Sources */ = {isa = PBXBuildFile; fileRef = E4BA17B71DC9B58B004B5D1C /* main.m */; };
		E4BA17BB1DC9B58B004B5D1C /* AppDelegate.m in Sources */ = {isa = PBXBuildFile; fileRef = E4BA17BA1DC9B58B004B5D1C /* AppDelegate.m */; };
		E4BA17BE1DC9B58B004B5D1C /* ViewController.m in Sources */ = {isa = PBXBuildFile; fileRef = E4BA17BD1DC9B58B004B5D1C /* ViewController.m */; };
		E4BA17C11DC9B58B004B5D1C /* Main.storyboard in Resources */ = {isa = PBXBuildFile; fileRef = E4BA17BF1DC9B58B004B5D1C /* Main.storyboard */; };
		E4BA17C31DC9B58B004B5D1C /* Assets.xcassets in Resources */ = {isa = PBXBuildFile; fileRef = E4BA17C21DC9B58B004B5D1C /* Assets.xcassets */; };
		E4BA17C61DC9B58B004B5D1C /* LaunchScreen.storyboard in Resources */ = {isa = PBXBuildFile; fileRef = E4BA17C41DC9B58B004B5D1C /* LaunchScreen.storyboard */; };
/* End PBXBuildFile section */

/* Begin PBXFileReference section */
		E46C7EBE1DCC616A00DD8AD8 /* pic.plist */ = {isa = PBXFileReference; fileEncoding = 4; lastKnownFileType = text.plist.xml; path = pic.plist; sourceTree = "<group>"; };
		E46C7EE31DCC874200DD8AD8 /* 1.jpg */ = {isa = PBXFileReference; lastKnownFileType = image.jpeg; path = 1.jpg; sourceTree = "<group>"; };
		E46C7EE41DCC874200DD8AD8 /* 2.jpg */ = {isa = PBXFileReference; lastKnownFileType = image.jpeg; path = 2.jpg; sourceTree = "<group>"; };
		E46C7EE51DCC874200DD8AD8 /* 3.jpg */ = {isa = PBXFileReference; lastKnownFileType = image.jpeg; path = 3.jpg; sourceTree = "<group>"; };
		E46C7EE61DCC874200DD8AD8 /* 4.jpg */ = {isa = PBXFileReference; lastKnownFileType = image.jpeg; path = 4.jpg; sourceTree = "<group>"; };
		E46C7EE71DCC874200DD8AD8 /* 5.jpg */ = {isa = PBXFileReference; lastKnownFileType = image.jpeg; path = 5.jpg; sourceTree = "<group>"; };
		E46C7EE81DCC874200DD8AD8 /* 6.jpg */ = {isa = PBXFileReference; lastKnownFileType = image.jpeg; path = 6.jpg; sourceTree = "<group>"; };
		E46C7EE91DCC874200DD8AD8 /* 7.jpg */ = {isa = PBXFileReference; lastKnownFileType = image.jpeg; path = 7.jpg; sourceTree = "<group>"; };
		E46C7EEA1DCC874200DD8AD8 /* 8.jpg */ = {isa = PBXFileReference; lastKnownFileType = image.jpeg; path = 8.jpg; sourceTree = "<group>"; };
		E46C7EEB1DCC874200DD8AD8 /* 9.jpg */ = {isa = PBXFileReference; lastKnownFileType = image.jpeg; path = 9.jpg; sourceTree = "<group>"; };
		E46C7EEC1DCC874200DD8AD8 /* 10.jpg */ = {isa = PBXFileReference; lastKnownFileType = image.jpeg; path = 10.jpg; sourceTree = "<group>"; };
		E46C7EED1DCC874200DD8AD8 /* 11.jpg */ = {isa = PBXFileReference; lastKnownFileType = image.jpeg; path = 11.jpg; sourceTree = "<group>"; };
		E46C7EEE1DCC874200DD8AD8 /* 12.jpg */ = {isa = PBXFileReference; lastKnownFileType = image.jpeg; path = 12.jpg; sourceTree = "<group>"; };
		E46C7EEF1DCC874200DD8AD8 /* 13.jpg */ = {isa = PBXFileReference; lastKnownFileType = image.jpeg; path = 13.jpg; sourceTree = "<group>"; };
		E46C7EF01DCC874200DD8AD8 /* 14.jpg */ = {isa = PBXFileReference; lastKnownFileType = image.jpeg; path = 14.jpg; sourceTree = "<group>"; };
		E46C7EF11DCC874200DD8AD8 /* 15.jpg */ = {isa = PBXFileReference; lastKnownFileType = image.jpeg; path = 15.jpg; sourceTree = "<group>"; };
		E46C7EF21DCC874200DD8AD8 /* 16.jpg */ = {isa = PBXFileReference; lastKnownFileType = image.jpeg; path = 16.jpg; sourceTree = "<group>"; };
		E46C7EF31DCC874200DD8AD8 /* 17.jpg */ = {isa = PBXFileReference; lastKnownFileType = image.jpeg; path = 17.jpg; sourceTree = "<group>"; };
		E46C7EF41DCC874200DD8AD8 /* 18.jpg */ = {isa = PBXFileReference; lastKnownFileType = image.jpeg; path = 18.jpg; sourceTree = "<group>"; };
		E46C7EF51DCC874200DD8AD8 /* 19.jpg */ = {isa = PBXFileReference; lastKnownFileType = image.jpeg; path = 19.jpg; sourceTree = "<group>"; };
		E46C7EF61DCC874200DD8AD8 /* 20.jpg */ = {isa = PBXFileReference; lastKnownFileType = image.jpeg; path = 20.jpg; sourceTree = "<group>"; };
		E46C7EF71DCC874200DD8AD8 /* 21.jpg */ = {isa = PBXFileReference; lastKnownFileType = image.jpeg; path = 21.jpg; sourceTree = "<group>"; };
		E46C7EF81DCC874200DD8AD8 /* 22.jpg */ = {isa = PBXFileReference; lastKnownFileType = image.jpeg; path = 22.jpg; sourceTree = "<group>"; };
		E46C7EF91DCC874200DD8AD8 /* 23.jpg */ = {isa = PBXFileReference; lastKnownFileType = image.jpeg; path = 23.jpg; sourceTree = "<group>"; };
		E46C7EFA1DCC874200DD8AD8 /* 24.jpg */ = {isa = PBXFileReference; lastKnownFileType = image.jpeg; path = 24.jpg; sourceTree = "<group>"; };
		E46C7EFB1DCC874200DD8AD8 /* 25.jpg */ = {isa = PBXFileReference; lastKnownFileType = image.jpeg; path = 25.jpg; sourceTree = "<group>"; };
		E46C7EFC1DCC874200DD8AD8 /* 26.jpg */ = {isa = PBXFileReference; lastKnownFileType = image.jpeg; path = 26.jpg; sourceTree = "<group>"; };
		E46C7EFD1DCC874200DD8AD8 /* 27.jpg */ = {isa = PBXFileReference; lastKnownFileType = image.jpeg; path = 27.jpg; sourceTree = "<group>"; };
		E46C7EFE1DCC874200DD8AD8 /* 28.jpg */ = {isa = PBXFileReference; lastKnownFileType = image.jpeg; path = 28.jpg; sourceTree = "<group>"; };
		E46C7EFF1DCC874200DD8AD8 /* 29.jpg */ = {isa = PBXFileReference; lastKnownFileType = image.jpeg; path = 29.jpg; sourceTree = "<group>"; };
		E46C7F001DCC874200DD8AD8 /* 30.jpg */ = {isa = PBXFileReference; lastKnownFileType = image.jpeg; path = 30.jpg; sourceTree = "<group>"; };
		E47276641DCAE5F9004D42CD /* WaterfallCollectionViewCell.h */ = {isa = PBXFileReference; fileEncoding = 4; lastKnownFileType = sourcecode.c.h; path = WaterfallCollectionViewCell.h; sourceTree = "<group>"; };
		E47276651DCAE5F9004D42CD /* WaterfallCollectionViewCell.m */ = {isa = PBXFileReference; fileEncoding = 4; lastKnownFileType = sourcecode.c.objc; path = WaterfallCollectionViewCell.m; sourceTree = "<group>"; };
		E47276671DCAE728004D42CD /* WaterfallFlowLayout.h */ = {isa = PBXFileReference; fileEncoding = 4; lastKnownFileType = sourcecode.c.h; path = WaterfallFlowLayout.h; sourceTree = "<group>"; };
		E47276681DCAE728004D42CD /* WaterfallFlowLayout.m */ = {isa = PBXFileReference; fileEncoding = 4; lastKnownFileType = sourcecode.c.objc; path = WaterfallFlowLayout.m; sourceTree = "<group>"; };
		E4BA17B31DC9B58B004B5D1C /* WaterfallLayout.app */ = {isa = PBXFileReference; explicitFileType = wrapper.application; includeInIndex = 0; path = WaterfallLayout.app; sourceTree = BUILT_PRODUCTS_DIR; };
		E4BA17B71DC9B58B004B5D1C /* main.m */ = {isa = PBXFileReference; lastKnownFileType = sourcecode.c.objc; path = main.m; sourceTree = "<group>"; };
		E4BA17B91DC9B58B004B5D1C /* AppDelegate.h */ = {isa = PBXFileReference; lastKnownFileType = sourcecode.c.h; path = AppDelegate.h; sourceTree = "<group>"; };
		E4BA17BA1DC9B58B004B5D1C /* AppDelegate.m */ = {isa = PBXFileReference; lastKnownFileType = sourcecode.c.objc; path = AppDelegate.m; sourceTree = "<group>"; };
		E4BA17BC1DC9B58B004B5D1C /* ViewController.h */ = {isa = PBXFileReference; lastKnownFileType = sourcecode.c.h; path = ViewController.h; sourceTree = "<group>"; };
		E4BA17BD1DC9B58B004B5D1C /* ViewController.m */ = {isa = PBXFileReference; lastKnownFileType = sourcecode.c.objc; path = ViewController.m; sourceTree = "<group>"; };
		E4BA17C01DC9B58B004B5D1C /* Base */ = {isa = PBXFileReference; lastKnownFileType = file.storyboard; name = Base; path = Base.lproj/Main.storyboard; sourceTree = "<group>"; };
		E4BA17C21DC9B58B004B5D1C /* Assets.xcassets */ = {isa = PBXFileReference; lastKnownFileType = folder.assetcatalog; path = Assets.xcassets; sourceTree = "<group>"; };
		E4BA17C51DC9B58B004B5D1C /* Base */ = {isa = PBXFileReference; lastKnownFileType = file.storyboard; name = Base; path = Base.lproj/LaunchScreen.storyboard; sourceTree = "<group>"; };
		E4BA17C71DC9B58B004B5D1C /* Info.plist */ = {isa = PBXFileReference; lastKnownFileType = text.plist.xml; path = Info.plist; sourceTree = "<group>"; };
/* End PBXFileReference section */

/* Begin PBXFrameworksBuildPhase section */
		E4BA17B01DC9B58B004B5D1C /* Frameworks */ = {
			isa = PBXFrameworksBuildPhase;
			buildActionMask = 2147483647;
			files = (
			);
			runOnlyForDeploymentPostprocessing = 0;
		};
/* End PBXFrameworksBuildPhase section */

/* Begin PBXGroup section */
		E46C7F1F1DCC874A00DD8AD8 /* pictures */ = {
			isa = PBXGroup;
			children = (
				E46C7EE31DCC874200DD8AD8 /* 1.jpg */,
				E46C7EE41DCC874200DD8AD8 /* 2.jpg */,
				E46C7EE51DCC874200DD8AD8 /* 3.jpg */,
				E46C7EE61DCC874200DD8AD8 /* 4.jpg */,
				E46C7EE71DCC874200DD8AD8 /* 5.jpg */,
				E46C7EE81DCC874200DD8AD8 /* 6.jpg */,
				E46C7EE91DCC874200DD8AD8 /* 7.jpg */,
				E46C7EEA1DCC874200DD8AD8 /* 8.jpg */,
				E46C7EEB1DCC874200DD8AD8 /* 9.jpg */,
				E46C7EEC1DCC874200DD8AD8 /* 10.jpg */,
				E46C7EED1DCC874200DD8AD8 /* 11.jpg */,
				E46C7EEE1DCC874200DD8AD8 /* 12.jpg */,
				E46C7EEF1DCC874200DD8AD8 /* 13.jpg */,
				E46C7EF01DCC874200DD8AD8 /* 14.jpg */,
				E46C7EF11DCC874200DD8AD8 /* 15.jpg */,
				E46C7EF21DCC874200DD8AD8 /* 16.jpg */,
				E46C7EF31DCC874200DD8AD8 /* 17.jpg */,
				E46C7EF41DCC874200DD8AD8 /* 18.jpg */,
				E46C7EF51DCC874200DD8AD8 /* 19.jpg */,
				E46C7EF61DCC874200DD8AD8 /* 20.jpg */,
				E46C7EF71DCC874200DD8AD8 /* 21.jpg */,
				E46C7EF81DCC874200DD8AD8 /* 22.jpg */,
				E46C7EF91DCC874200DD8AD8 /* 23.jpg */,
				E46C7EFA1DCC874200DD8AD8 /* 24.jpg */,
				E46C7EFB1DCC874200DD8AD8 /* 25.jpg */,
				E46C7EFC1DCC874200DD8AD8 /* 26.jpg */,
				E46C7EFD1DCC874200DD8AD8 /* 27.jpg */,
				E46C7EFE1DCC874200DD8AD8 /* 28.jpg */,
				E46C7EFF1DCC874200DD8AD8 /* 29.jpg */,
				E46C7F001DCC874200DD8AD8 /* 30.jpg */,
			);
			name = pictures;
			sourceTree = "<group>";
		};
		E4BA17AA1DC9B58B004B5D1C = {
			isa = PBXGroup;
			children = (
				E4BA17B51DC9B58B004B5D1C /* WaterfallLayout */,
				E4BA17B41DC9B58B004B5D1C /* Products */,
			);
			sourceTree = "<group>";
		};
		E4BA17B41DC9B58B004B5D1C /* Products */ = {
			isa = PBXGroup;
			children = (
				E4BA17B31DC9B58B004B5D1C /* WaterfallLayout.app */,
			);
			name = Products;
			sourceTree = "<group>";
		};
		E4BA17B51DC9B58B004B5D1C /* WaterfallLayout */ = {
			isa = PBXGroup;
			children = (
				E4BA17B91DC9B58B004B5D1C /* AppDelegate.h */,
				E4BA17BA1DC9B58B004B5D1C /* AppDelegate.m */,
				E4BA17BC1DC9B58B004B5D1C /* ViewController.h */,
				E4BA17BD1DC9B58B004B5D1C /* ViewController.m */,
				E4BA17BF1DC9B58B004B5D1C /* Main.storyboard */,
				E4BA17C21DC9B58B004B5D1C /* Assets.xcassets */,
				E4BA17C41DC9B58B004B5D1C /* LaunchScreen.storyboard */,
				E4BA17C71DC9B58B004B5D1C /* Info.plist */,
				E4BA17B61DC9B58B004B5D1C /* Supporting Files */,
				E47276641DCAE5F9004D42CD /* WaterfallCollectionViewCell.h */,
				E47276651DCAE5F9004D42CD /* WaterfallCollectionViewCell.m */,
				E47276671DCAE728004D42CD /* WaterfallFlowLayout.h */,
				E47276681DCAE728004D42CD /* WaterfallFlowLayout.m */,
			);
			path = WaterfallLayout;
			sourceTree = "<group>";
		};
		E4BA17B61DC9B58B004B5D1C /* Supporting Files */ = {
			isa = PBXGroup;
			children = (
				E46C7F1F1DCC874A00DD8AD8 /* pictures */,
				E46C7EBE1DCC616A00DD8AD8 /* pic.plist */,
				E4BA17B71DC9B58B004B5D1C /* main.m */,
			);
			name = "Supporting Files";
			sourceTree = "<group>";
		};
/* End PBXGroup section */

/* Begin PBXNativeTarget section */
		E4BA17B21DC9B58B004B5D1C /* WaterfallLayout */ = {
			isa = PBXNativeTarget;
			buildConfigurationList = E4BA17CA1DC9B58B004B5D1C /* Build configuration list for PBXNativeTarget "WaterfallLayout" */;
			buildPhases = (
				E4BA17AF1DC9B58B004B5D1C /* Sources */,
				E4BA17B01DC9B58B004B5D1C /* Frameworks */,
				E4BA17B11DC9B58B004B5D1C /* Resources */,
			);
			buildRules = (
			);
			dependencies = (
			);
			name = WaterfallLayout;
			productName = WaterfallLayout;
			productReference = E4BA17B31DC9B58B004B5D1C /* WaterfallLayout.app */;
			productType = "com.apple.product-type.application";
		};
/* End PBXNativeTarget section */

/* Begin PBXProject section */
		E4BA17AB1DC9B58B004B5D1C /* Project object */ = {
			isa = PBXProject;
			attributes = {
				LastUpgradeCheck = 0800;
				ORGANIZATIONNAME = tashaxing;
				TargetAttributes = {
					E4BA17B21DC9B58B004B5D1C = {
						CreatedOnToolsVersion = 8.0;
						DevelopmentTeam = GV7V6SW596;
						ProvisioningStyle = Automatic;
					};
				};
			};
			buildConfigurationList = E4BA17AE1DC9B58B004B5D1C /* Build configuration list for PBXProject "WaterfallLayout" */;
			compatibilityVersion = "Xcode 3.2";
			developmentRegion = English;
			hasScannedForEncodings = 0;
			knownRegions = (
				en,
				Base,
			);
			mainGroup = E4BA17AA1DC9B58B004B5D1C;
			productRefGroup = E4BA17B41DC9B58B004B5D1C /* Products */;
			projectDirPath = "";
			projectRoot = "";
			targets = (
				E4BA17B21DC9B58B004B5D1C /* WaterfallLayout */,
			);
		};
/* End PBXProject section */

/* Begin PBXResourcesBuildPhase section */
		E4BA17B11DC9B58B004B5D1C /* Resources */ = {
			isa = PBXResourcesBuildPhase;
			buildActionMask = 2147483647;
			files = (
				E46C7F101DCC874200DD8AD8 /* 16.jpg in Resources */,
				E46C7F0E1DCC874200DD8AD8 /* 14.jpg in Resources */,
				E46C7F0B1DCC874200DD8AD8 /* 11.jpg in Resources */,
				E46C7F091DCC874200DD8AD8 /* 9.jpg in Resources */,
				E46C7F081DCC874200DD8AD8 /* 8.jpg in Resources */,
				E46C7F1A1DCC874200DD8AD8 /* 26.jpg in Resources */,
				E46C7F071DCC874200DD8AD8 /* 7.jpg in Resources */,
				E46C7F041DCC874200DD8AD8 /* 4.jpg in Resources */,
				E46C7F1E1DCC874200DD8AD8 /* 30.jpg in Resources */,
				E46C7F1D1DCC874200DD8AD8 /* 29.jpg in Resources */,
				E46C7F0F1DCC874200DD8AD8 /* 15.jpg in Resources */,
				E46C7F191DCC874200DD8AD8 /* 25.jpg in Resources */,
				E46C7F0D1DCC874200DD8AD8 /* 13.jpg in Resources */,
				E46C7F021DCC874200DD8AD8 /* 2.jpg in Resources */,
				E4BA17C61DC9B58B004B5D1C /* LaunchScreen.storyboard in Resources */,
				E46C7F131DCC874200DD8AD8 /* 19.jpg in Resources */,
				E46C7F051DCC874200DD8AD8 /* 5.jpg in Resources */,
				E46C7F161DCC874200DD8AD8 /* 22.jpg in Resources */,
				E46C7F121DCC874200DD8AD8 /* 18.jpg in Resources */,
				E46C7F0C1DCC874200DD8AD8 /* 12.jpg in Resources */,
				E46C7F1B1DCC874200DD8AD8 /* 27.jpg in Resources */,
				E46C7F061DCC874200DD8AD8 /* 6.jpg in Resources */,
				E46C7F0A1DCC874200DD8AD8 /* 10.jpg in Resources */,
				E46C7F111DCC874200DD8AD8 /* 17.jpg in Resources */,
				E4BA17C31DC9B58B004B5D1C /* Assets.xcassets in Resources */,
				E46C7EBF1DCC616A00DD8AD8 /* pic.plist in Resources */,
				E46C7F151DCC874200DD8AD8 /* 21.jpg in Resources */,
				E4BA17C11DC9B58B004B5D1C /* Main.storyboard in Resources */,
				E46C7F181DCC874200DD8AD8 /* 24.jpg in Resources */,
				E46C7F171DCC874200DD8AD8 /* 23.jpg in Resources */,
				E46C7F031DCC874200DD8AD8 /* 3.jpg in Resources */,
				E46C7F011DCC874200DD8AD8 /* 1.jpg in Resources */,
				E46C7F141DCC874200DD8AD8 /* 20.jpg in Resources */,
				E46C7F1C1DCC874200DD8AD8 /* 28.jpg in Resources */,
			);
			runOnlyForDeploymentPostprocessing = 0;
		};
/* End PBXResourcesBuildPhase section */

/* Begin PBXSourcesBuildPhase section */
		E4BA17AF1DC9B58B004B5D1C /* Sources */ = {
			isa = PBXSourcesBuildPhase;
			buildActionMask = 2147483647;
			files = (
				E4BA17BE1DC9B58B004B5D1C /* ViewController.m in Sources */,
				E47276661DCAE5F9004D42CD /* WaterfallCollectionViewCell.m in Sources */,
				E4BA17BB1DC9B58B004B5D1C /* AppDelegate.m in Sources */,
				E47276691DCAE728004D42CD /* WaterfallFlowLayout.m in Sources */,
				E4BA17B81DC9B58B004B5D1C /* main.m in Sources */,
			);
			runOnlyForDeploymentPostprocessing = 0;
		};
/* End PBXSourcesBuildPhase section */

/* Begin PBXVariantGroup section */
		E4BA17BF1DC9B58B004B5D1C /* Main.storyboard */ = {
			isa = PBXVariantGroup;
			children = (
				E4BA17C01DC9B58B004B5D1C /* Base */,
			);
			name = Main.storyboard;
			sourceTree = "<group>";
		};
		E4BA17C41DC9B58B004B5D1C /* LaunchScreen.storyboard */ = {
			isa = PBXVariantGroup;
			children = (
				E4BA17C51DC9B58B004B5D1C /* Base */,
			);
			name = LaunchScreen.storyboard;
			sourceTree = "<group>";
		};
/* End PBXVariantGroup section */

/* Begin XCBuildConfiguration section */
		E4BA17C81DC9B58B004B5D1C /* Debug */ = {
			isa = XCBuildConfiguration;
			buildSettings = {
				ALWAYS_SEARCH_USER_PATHS = NO;
				CLANG_ANALYZER_NONNULL = YES;
				CLANG_CXX_LANGUAGE_STANDARD = "gnu++0x";
				CLANG_CXX_LIBRARY = "libc++";
				CLANG_ENABLE_MODULES = YES;
				CLANG_ENABLE_OBJC_ARC = YES;
				CLANG_WARN_BOOL_CONVERSION = YES;
				CLANG_WARN_CONSTANT_CONVERSION = YES;
				CLANG_WARN_DIRECT_OBJC_ISA_USAGE = YES_ERROR;
				CLANG_WARN_DOCUMENTATION_COMMENTS = YES;
				CLANG_WARN_EMPTY_BODY = YES;
				CLANG_WARN_ENUM_CONVERSION = YES;
				CLANG_WARN_INFINITE_RECURSION = YES;
				CLANG_WARN_INT_CONVERSION = YES;
				CLANG_WARN_OBJC_ROOT_CLASS = YES_ERROR;
				CLANG_WARN_SUSPICIOUS_MOVES = YES;
				CLANG_WARN_UNREACHABLE_CODE = YES;
				CLANG_WARN__DUPLICATE_METHOD_MATCH = YES;
				"CODE_SIGN_IDENTITY[sdk=iphoneos*]" = "iPhone Developer";
				COPY_PHASE_STRIP = NO;
				DEBUG_INFORMATION_FORMAT = dwarf;
				ENABLE_STRICT_OBJC_MSGSEND = YES;
				ENABLE_TESTABILITY = YES;
				GCC_C_LANGUAGE_STANDARD = gnu99;
				GCC_DYNAMIC_NO_PIC = NO;
				GCC_NO_COMMON_BLOCKS = YES;
				GCC_OPTIMIZATION_LEVEL = 0;
				GCC_PREPROCESSOR_DEFINITIONS = (
					"DEBUG=1",
					"$(inherited)",
				);
				GCC_WARN_64_TO_32_BIT_CONVERSION = YES;
				GCC_WARN_ABOUT_RETURN_TYPE = YES_ERROR;
				GCC_WARN_UNDECLARED_SELECTOR = YES;
				GCC_WARN_UNINITIALIZED_AUTOS = YES_AGGRESSIVE;
				GCC_WARN_UNUSED_FUNCTION = YES;
				GCC_WARN_UNUSED_VARIABLE = YES;
				IPHONEOS_DEPLOYMENT_TARGET = 10.0;
				MTL_ENABLE_DEBUG_INFO = YES;
				ONLY_ACTIVE_ARCH = YES;
				SDKROOT = iphoneos;
				TARGETED_DEVICE_FAMILY = "1,2";
			};
			name = Debug;
		};
		E4BA17C91DC9B58B004B5D1C /* Release */ = {
			isa = XCBuildConfiguration;
			buildSettings = {
				ALWAYS_SEARCH_USER_PATHS = NO;
				CLANG_ANALYZER_NONNULL = YES;
				CLANG_CXX_LANGUAGE_STANDARD = "gnu++0x";
				CLANG_CXX_LIBRARY = "libc++";
				CLANG_ENABLE_MODULES = YES;
				CLANG_ENABLE_OBJC_ARC = YES;
				CLANG_WARN_BOOL_CONVERSION = YES;
				CLANG_WARN_CONSTANT_CONVERSION = YES;
				CLANG_WARN_DIRECT_OBJC_ISA_USAGE = YES_ERROR;
				CLANG_WARN_DOCUMENTATION_COMMENTS = YES;
				CLANG_WARN_EMPTY_BODY = YES;
				CLANG_WARN_ENUM_CONVERSION = YES;
				CLANG_WARN_INFINITE_RECURSION = YES;
				CLANG_WARN_INT_CONVERSION = YES;
				CLANG_WARN_OBJC_ROOT_CLASS = YES_ERROR;
				CLANG_WARN_SUSPICIOUS_MOVES = YES;
				CLANG_WARN_UNREACHABLE_CODE = YES;
				CLANG_WARN__DUPLICATE_METHOD_MATCH = YES;
				"CODE_SIGN_IDENTITY[sdk=iphoneos*]" = "iPhone Developer";
				COPY_PHASE_STRIP = NO;
				DEBUG_INFORMATION_FORMAT = "dwarf-with-dsym";
				ENABLE_NS_ASSERTIONS = NO;
				ENABLE_STRICT_OBJC_MSGSEND = YES;
				GCC_C_LANGUAGE_STANDARD = gnu99;
				GCC_NO_COMMON_BLOCKS = YES;
				GCC_WARN_64_TO_32_BIT_CONVERSION = YES;
				GCC_WARN_ABOUT_RETURN_TYPE = YES_ERROR;
				GCC_WARN_UNDECLARED_SELECTOR = YES;
				GCC_WARN_UNINITIALIZED_AUTOS = YES_AGGRESSIVE;
				GCC_WARN_UNUSED_FUNCTION = YES;
				GCC_WARN_UNUSED_VARIABLE = YES;
				IPHONEOS_DEPLOYMENT_TARGET = 10.0;
				MTL_ENABLE_DEBUG_INFO = NO;
				SDKROOT = iphoneos;
				TARGETED_DEVICE_FAMILY = "1,2";
				VALIDATE_PRODUCT = YES;
			};
			name = Release;
		};
		E4BA17CB1DC9B58B004B5D1C /* Debug */ = {
			isa = XCBuildConfiguration;
			buildSettings = {
				ASSETCATALOG_COMPILER_APPICON_NAME = AppIcon;
				DEVELOPMENT_TEAM = GV7V6SW596;
				INFOPLIST_FILE = WaterfallLayout/Info.plist;
				LD_RUNPATH_SEARCH_PATHS = "$(inherited) @executable_path/Frameworks";
				PRODUCT_BUNDLE_IDENTIFIER = com.tashaxing.WaterfallLayout;
				PRODUCT_NAME = "$(TARGET_NAME)";
			};
			name = Debug;
		};
		E4BA17CC1DC9B58B004B5D1C /* Release */ = {
			isa = XCBuildConfiguration;
			buildSettings = {
				ASSETCATALOG_COMPILER_APPICON_NAME = AppIcon;
				DEVELOPMENT_TEAM = GV7V6SW596;
				INFOPLIST_FILE = WaterfallLayout/Info.plist;
				LD_RUNPATH_SEARCH_PATHS = "$(inherited) @executable_path/Frameworks";
				PRODUCT_BUNDLE_IDENTIFIER = com.tashaxing.WaterfallLayout;
				PRODUCT_NAME = "$(TARGET_NAME)";
			};
			name = Release;
		};
/* End XCBuildConfiguration section */

/* Begin XCConfigurationList section */
		E4BA17AE1DC9B58B004B5D1C /* Build configuration list for PBXProject "WaterfallLayout" */ = {
			isa = XCConfigurationList;
			buildConfigurations = (
				E4BA17C81DC9B58B004B5D1C /* Debug */,
				E4BA17C91DC9B58B004B5D1C /* Release */,
			);
			defaultConfigurationIsVisible = 0;
			defaultConfigurationName = Release;
		};
		E4BA17CA1DC9B58B004B5D1C /* Build configuration list for PBXNativeTarget "WaterfallLayout" */ = {
			isa = XCConfigurationList;
			buildConfigurations = (
				E4BA17CB1DC9B58B004B5D1C /* Debug */,
				E4BA17CC1DC9B58B004B5D1C /* Release */,
			);
			defaultConfigurationIsVisible = 0;
			defaultConfigurationName = Release;
		};
/* End XCConfigurationList section */
	};
	rootObject = E4BA17AB1DC9B58B004B5D1C /* Project object */;
}
